
Microsoft Visual Studio Solution File, Format Version 12.00
# Visual Studio Version 16
VisualStudioVersion = 16.0.30804.86
MinimumVisualStudioVersion = 10.0.40219.1
Project("{9A19103F-16F7-4668-BE54-9A1E7A4F7556}") = "Switch Statement-Case", "Switch Statement\Switch Statement-Case.csproj", "{5824BB34-03C5-4E42-B591-2DAECDF17592}"
EndProject
Project("{9A19103F-16F7-4668-BE54-9A1E7A4F7556}") = "WhileLoop", "WhileLoop\WhileLoop.csproj", "{FAD57AB9-2714-46B9-8B6B-EB3C44BAA7BA}"
EndProject
Project("{9A19103F-16F7-4668-BE54-9A1E7A4F7556}") = "TaxiQuestion", "TaxiQuestion\TaxiQuestion.csproj", "{E71DFFCC-1B62-4292-938C-98FFEFB3896E}"
EndProject
Project("{9A19103F-16F7-4668-BE54-9A1E7A4F7556}") = "ShoppingWebSites", "ShoppingWebSites\ShoppingWebSites.csproj", "{4F665AD8-18B7-4405-8005-A524B3A307F6}"
EndProject
Project("{9A19103F-16F7-4668-BE54-9A1E7A4F7556}") = "Methods", "Methods\Methods.csproj", "{DC1E985F-899B-4F5A-924F-3774617DF51E}"
EndProject
Project("{9A19103F-16F7-4668-BE54-9A1E7A4F7556}") = "ClassMethodDemo(BankCustomer)", "ClassMethodDemo(BankCustomer)\ClassMethodDemo(BankCustomer).csproj", "{496639C7-BA5F-45F9-AFA0-3C08F0585A73}"
EndProject
Project("{9A19103F-16F7-4668-BE54-9A1E7A4F7556}") = "ReferenceTypes", "ReferenceTypes\ReferenceTypes.csproj", "{2B5712F4-745B-4AC2-A19A-AD4F779B9C1E}"
EndProject
Project("{9A19103F-16F7-4668-BE54-9A1E7A4F7556}") = "Constructors", "Constructors\Constructors.csproj", "{3A54EC32-174D-4ACF-BECC-B1CEF85BA611}"
EndProject
Project("{9A19103F-16F7-4668-BE54-9A1E7A4F7556}") = "Generics", "Generics\Generics.csproj", "{23AC7BDF-DC54-4368-A38D-6184F4D711A1}"
EndProject
Project("{9A19103F-16F7-4668-BE54-9A1E7A4F7556}") = "Dictionary", "Dictionary\Dictionary.csproj", "{82CBF97C-2B6F-4C22-A1A5-0B3481808D8E}"
EndProject
Project("{FAE04EC0-301F-11D3-BF4B-00C04F79EFBC}") = "RecapDemo(Dama)", "RecapDemo1\RecapDemo(Dama).csproj", "{1A7B5028-BAD7-4FF8-9DBB-6A56A9B4DB9A}"
EndProject
Project("{9A19103F-16F7-4668-BE54-9A1E7A4F7556}") = "Interfaces", "Interfaces\Interfaces.csproj", "{30DEEB16-5559-4E42-B905-FF93C904F03D}"
EndProject
Project("{9A19103F-16F7-4668-BE54-9A1E7A4F7556}") = "Interfaces2", "Interfaces2\Interfaces2.csproj", "{E42ED057-DBA7-4BE7-A92D-0A746B7A87E9}"
EndProject
Project("{9A19103F-16F7-4668-BE54-9A1E7A4F7556}") = "InterfacesDemo", "InterfacesDemo\InterfacesDemo.csproj", "{F7E26425-2884-4158-A149-BD550D084919}"
EndProject
Project("{9A19103F-16F7-4668-BE54-9A1E7A4F7556}") = "Inheritance", "Inheritance\Inheritance.csproj", "{D153CA6F-18FC-463A-9BC7-35FDA5C365E3}"
EndProject
Project("{9A19103F-16F7-4668-BE54-9A1E7A4F7556}") = "Interfaces3", "Interfaces3\Interfaces3.csproj", "{88D4F9B9-E832-4306-A76A-0AB4631F0CAC}"
EndProject
Project("{9A19103F-16F7-4668-BE54-9A1E7A4F7556}") = "InterfaceAbstractDemo", "InterfaceAbstractDemo\InterfaceAbstractDemo.csproj", "{1BCE912C-9E93-4458-9B49-178B76CCA167}"
EndProject
Project("{9A19103F-16F7-4668-BE54-9A1E7A4F7556}") = "GameProject", "GameProject\GameProject.csproj", "{9DDBFC2D-B0A3-4D7A-BFF0-30CD51607E1F}"
EndProject
Project("{9A19103F-16F7-4668-BE54-9A1E7A4F7556}") = "LinqProject", "LinqProject\LinqProject.csproj", "{5B4C1EAF-53A4-452B-96AA-14244405DB81}"
EndProject
Project("{FAE04EC0-301F-11D3-BF4B-00C04F79EFBC}") = "Reflection", "Reflection\Reflection.csproj", "{843CE35C-4BD3-40CB-9C49-67691778E881}"
EndProject
Global
	GlobalSection(SolutionConfigurationPlatforms) = preSolution
		Debug|Any CPU = Debug|Any CPU
		Release|Any CPU = Release|Any CPU
	EndGlobalSection
	GlobalSection(ProjectConfigurationPlatforms) = postSolution
		{5824BB34-03C5-4E42-B591-2DAECDF17592}.Debug|Any CPU.ActiveCfg = Debug|Any CPU
		{5824BB34-03C5-4E42-B591-2DAECDF17592}.Debug|Any CPU.Build.0 = Debug|Any CPU
		{5824BB34-03C5-4E42-B591-2DAECDF17592}.Release|Any CPU.ActiveCfg = Release|Any CPU
		{5824BB34-03C5-4E42-B591-2DAECDF17592}.Release|Any CPU.Build.0 = Release|Any CPU
		{FAD57AB9-2714-46B9-8B6B-EB3C44BAA7BA}.Debug|Any CPU.ActiveCfg = Debug|Any CPU
		{FAD57AB9-2714-46B9-8B6B-EB3C44BAA7BA}.Debug|Any CPU.Build.0 = Debug|Any CPU
		{FAD57AB9-2714-46B9-8B6B-EB3C44BAA7BA}.Release|Any CPU.ActiveCfg = Release|Any CPU
		{FAD57AB9-2714-46B9-8B6B-EB3C44BAA7BA}.Release|Any CPU.Build.0 = Release|Any CPU
		{E71DFFCC-1B62-4292-938C-98FFEFB3896E}.Debug|Any CPU.ActiveCfg = Debug|Any CPU
		{E71DFFCC-1B62-4292-938C-98FFEFB3896E}.Debug|Any CPU.Build.0 = Debug|Any CPU
		{E71DFFCC-1B62-4292-938C-98FFEFB3896E}.Release|Any CPU.ActiveCfg = Release|Any CPU
		{E71DFFCC-1B62-4292-938C-98FFEFB3896E}.Release|Any CPU.Build.0 = Release|Any CPU
		{4F665AD8-18B7-4405-8005-A524B3A307F6}.Debug|Any CPU.ActiveCfg = Debug|Any CPU
		{4F665AD8-18B7-4405-8005-A524B3A307F6}.Debug|Any CPU.Build.0 = Debug|Any CPU
		{4F665AD8-18B7-4405-8005-A524B3A307F6}.Release|Any CPU.ActiveCfg = Release|Any CPU
		{4F665AD8-18B7-4405-8005-A524B3A307F6}.Release|Any CPU.Build.0 = Release|Any CPU
		{DC1E985F-899B-4F5A-924F-3774617DF51E}.Debug|Any CPU.ActiveCfg = Debug|Any CPU
		{DC1E985F-899B-4F5A-924F-3774617DF51E}.Debug|Any CPU.Build.0 = Debug|Any CPU
		{DC1E985F-899B-4F5A-924F-3774617DF51E}.Release|Any CPU.ActiveCfg = Release|Any CPU
		{DC1E985F-899B-4F5A-924F-3774617DF51E}.Release|Any CPU.Build.0 = Release|Any CPU
		{496639C7-BA5F-45F9-AFA0-3C08F0585A73}.Debug|Any CPU.ActiveCfg = Debug|Any CPU
		{496639C7-BA5F-45F9-AFA0-3C08F0585A73}.Debug|Any CPU.Build.0 = Debug|Any CPU
		{496639C7-BA5F-45F9-AFA0-3C08F0585A73}.Release|Any CPU.ActiveCfg = Release|Any CPU
		{496639C7-BA5F-45F9-AFA0-3C08F0585A73}.Release|Any CPU.Build.0 = Release|Any CPU
		{2B5712F4-745B-4AC2-A19A-AD4F779B9C1E}.Debug|Any CPU.ActiveCfg = Debug|Any CPU
		{2B5712F4-745B-4AC2-A19A-AD4F779B9C1E}.Debug|Any CPU.Build.0 = Debug|Any CPU
		{2B5712F4-745B-4AC2-A19A-AD4F779B9C1E}.Release|Any CPU.ActiveCfg = Release|Any CPU
		{2B5712F4-745B-4AC2-A19A-AD4F779B9C1E}.Release|Any CPU.Build.0 = Release|Any CPU
		{3A54EC32-174D-4ACF-BECC-B1CEF85BA611}.Debug|Any CPU.ActiveCfg = Debug|Any CPU
		{3A54EC32-174D-4ACF-BECC-B1CEF85BA611}.Debug|Any CPU.Build.0 = Debug|Any CPU
		{3A54EC32-174D-4ACF-BECC-B1CEF85BA611}.Release|Any CPU.ActiveCfg = Release|Any CPU
		{3A54EC32-174D-4ACF-BECC-B1CEF85BA611}.Release|Any CPU.Build.0 = Release|Any CPU
		{23AC7BDF-DC54-4368-A38D-6184F4D711A1}.Debug|Any CPU.ActiveCfg = Debug|Any CPU
		{23AC7BDF-DC54-4368-A38D-6184F4D711A1}.Debug|Any CPU.Build.0 = Debug|Any CPU
		{23AC7BDF-DC54-4368-A38D-6184F4D711A1}.Release|Any CPU.ActiveCfg = Release|Any CPU
		{23AC7BDF-DC54-4368-A38D-6184F4D711A1}.Release|Any CPU.Build.0 = Release|Any CPU
		{82CBF97C-2B6F-4C22-A1A5-0B3481808D8E}.Debug|Any CPU.ActiveCfg = Debug|Any CPU
		{82CBF97C-2B6F-4C22-A1A5-0B3481808D8E}.Debug|Any CPU.Build.0 = Debug|Any CPU
		{82CBF97C-2B6F-4C22-A1A5-0B3481808D8E}.Release|Any CPU.ActiveCfg = Release|Any CPU
		{82CBF97C-2B6F-4C22-A1A5-0B3481808D8E}.Release|Any CPU.Build.0 = Release|Any CPU
		{1A7B5028-BAD7-4FF8-9DBB-6A56A9B4DB9A}.Debug|Any CPU.ActiveCfg = Debug|Any CPU
		{1A7B5028-BAD7-4FF8-9DBB-6A56A9B4DB9A}.Debug|Any CPU.Build.0 = Debug|Any CPU
		{1A7B5028-BAD7-4FF8-9DBB-6A56A9B4DB9A}.Release|Any CPU.ActiveCfg = Release|Any CPU
		{1A7B5028-BAD7-4FF8-9DBB-6A56A9B4DB9A}.Release|Any CPU.Build.0 = Release|Any CPU
		{30DEEB16-5559-4E42-B905-FF93C904F03D}.Debug|Any CPU.ActiveCfg = Debug|Any CPU
		{30DEEB16-5559-4E42-B905-FF93C904F03D}.Debug|Any CPU.Build.0 = Debug|Any CPU
		{30DEEB16-5559-4E42-B905-FF93C904F03D}.Release|Any CPU.ActiveCfg = Release|Any CPU
		{30DEEB16-5559-4E42-B905-FF93C904F03D}.Release|Any CPU.Build.0 = Release|Any CPU
		{E42ED057-DBA7-4BE7-A92D-0A746B7A87E9}.Debug|Any CPU.ActiveCfg = Debug|Any CPU
		{E42ED057-DBA7-4BE7-A92D-0A746B7A87E9}.Debug|Any CPU.Build.0 = Debug|Any CPU
		{E42ED057-DBA7-4BE7-A92D-0A746B7A87E9}.Release|Any CPU.ActiveCfg = Release|Any CPU
		{E42ED057-DBA7-4BE7-A92D-0A746B7A87E9}.Release|Any CPU.Build.0 = Release|Any CPU
		{F7E26425-2884-4158-A149-BD550D084919}.Debug|Any CPU.ActiveCfg = Debug|Any CPU
		{F7E26425-2884-4158-A149-BD550D084919}.Debug|Any CPU.Build.0 = Debug|Any CPU
		{F7E26425-2884-4158-A149-BD550D084919}.Release|Any CPU.ActiveCfg = Release|Any CPU
		{F7E26425-2884-4158-A149-BD550D084919}.Release|Any CPU.Build.0 = Release|Any CPU
		{D153CA6F-18FC-463A-9BC7-35FDA5C365E3}.Debug|Any CPU.ActiveCfg = Debug|Any CPU
		{D153CA6F-18FC-463A-9BC7-35FDA5C365E3}.Debug|Any CPU.Build.0 = Debug|Any CPU
		{D153CA6F-18FC-463A-9BC7-35FDA5C365E3}.Release|Any CPU.ActiveCfg = Release|Any CPU
		{D153CA6F-18FC-463A-9BC7-35FDA5C365E3}.Release|Any CPU.Build.0 = Release|Any CPU
		{88D4F9B9-E832-4306-A76A-0AB4631F0CAC}.Debug|Any CPU.ActiveCfg = Debug|Any CPU
		{88D4F9B9-E832-4306-A76A-0AB4631F0CAC}.Debug|Any CPU.Build.0 = Debug|Any CPU
		{88D4F9B9-E832-4306-A76A-0AB4631F0CAC}.Release|Any CPU.ActiveCfg = Release|Any CPU
		{88D4F9B9-E832-4306-A76A-0AB4631F0CAC}.Release|Any CPU.Build.0 = Release|Any CPU
		{1BCE912C-9E93-4458-9B49-178B76CCA167}.Debug|Any CPU.ActiveCfg = Debug|Any CPU
		{1BCE912C-9E93-4458-9B49-178B76CCA167}.Debug|Any CPU.Build.0 = Debug|Any CPU
		{1BCE912C-9E93-4458-9B49-178B76CCA167}.Release|Any CPU.ActiveCfg = Release|Any CPU
		{1BCE912C-9E93-4458-9B49-178B76CCA167}.Release|Any CPU.Build.0 = Release|Any CPU
		{9DDBFC2D-B0A3-4D7A-BFF0-30CD51607E1F}.Debug|Any CPU.ActiveCfg = Debug|Any CPU
		{9DDBFC2D-B0A3-4D7A-BFF0-30CD51607E1F}.Debug|Any CPU.Build.0 = Debug|Any CPU
		{9DDBFC2D-B0A3-4D7A-BFF0-30CD51607E1F}.Release|Any CPU.ActiveCfg = Release|Any CPU
		{9DDBFC2D-B0A3-4D7A-BFF0-30CD51607E1F}.Release|Any CPU.Build.0 = Release|Any CPU
		{5B4C1EAF-53A4-452B-96AA-14244405DB81}.Debug|Any CPU.ActiveCfg = Debug|Any CPU
		{5B4C1EAF-53A4-452B-96AA-14244405DB81}.Debug|Any CPU.Build.0 = Debug|Any CPU
		{5B4C1EAF-53A4-452B-96AA-14244405DB81}.Release|Any CPU.ActiveCfg = Release|Any CPU
		{5B4C1EAF-53A4-452B-96AA-14244405DB81}.Release|Any CPU.Build.0 = Release|Any CPU
		{843CE35C-4BD3-40CB-9C49-67691778E881}.Debug|Any CPU.ActiveCfg = Debug|Any CPU
		{843CE35C-4BD3-40CB-9C49-67691778E881}.Debug|Any CPU.Build.0 = Debug|Any CPU
		{843CE35C-4BD3-40CB-9C49-67691778E881}.Release|Any CPU.ActiveCfg = Release|Any CPU
		{843CE35C-4BD3-40CB-9C49-67691778E881}.Release|Any CPU.Build.0 = Release|Any CPU
	EndGlobalSection
	GlobalSection(SolutionProperties) = preSolution
		HideSolutionNode = FALSE
	EndGlobalSection
	GlobalSection(ExtensibilityGlobals) = postSolution
		SolutionGuid = {98725330-78A3-4F90-858F-B58F0EEBBE73}
	EndGlobalSection
EndGlobal
