
Microsoft Visual Studio Solution File, Format Version 12.00
# Visual Studio Version 16
VisualStudioVersion = 16.0.30804.86
MinimumVisualStudioVersion = 10.0.40219.1
Project("{9A19103F-16F7-4668-BE54-9A1E7A4F7556}") = "Ternary Operator", "Homework-Quiz\Ternary Operator.csproj", "{D5DD7D1C-1CE2-4E41-A7C3-8DE8AF57BEA8}"
EndProject
Project("{9A19103F-16F7-4668-BE54-9A1E7A4F7556}") = "Switch Statement-Case", "Switch Statement\Switch Statement-Case.csproj", "{5824BB34-03C5-4E42-B591-2DAECDF17592}"
EndProject
Project("{9A19103F-16F7-4668-BE54-9A1E7A4F7556}") = "WhileLoop", "WhileLoop\WhileLoop.csproj", "{FAD57AB9-2714-46B9-8B6B-EB3C44BAA7BA}"
EndProject
Project("{9A19103F-16F7-4668-BE54-9A1E7A4F7556}") = "TaxiQuestion", "TaxiQuestion\TaxiQuestion.csproj", "{E71DFFCC-1B62-4292-938C-98FFEFB3896E}"
EndProject
Project("{FAE04EC0-301F-11D3-BF4B-00C04F79EFBC}") = "ShoppingWebSites", "ShoppingWebSites\ShoppingWebSites.csproj", "{4F665AD8-18B7-4405-8005-A524B3A307F6}"
EndProject
Global
	GlobalSection(SolutionConfigurationPlatforms) = preSolution
		Debug|Any CPU = Debug|Any CPU
		Release|Any CPU = Release|Any CPU
	EndGlobalSection
	GlobalSection(ProjectConfigurationPlatforms) = postSolution
		{D5DD7D1C-1CE2-4E41-A7C3-8DE8AF57BEA8}.Debug|Any CPU.ActiveCfg = Debug|Any CPU
		{D5DD7D1C-1CE2-4E41-A7C3-8DE8AF57BEA8}.Debug|Any CPU.Build.0 = Debug|Any CPU
		{D5DD7D1C-1CE2-4E41-A7C3-8DE8AF57BEA8}.Release|Any CPU.ActiveCfg = Release|Any CPU
		{D5DD7D1C-1CE2-4E41-A7C3-8DE8AF57BEA8}.Release|Any CPU.Build.0 = Release|Any CPU
		{5824BB34-03C5-4E42-B591-2DAECDF17592}.Debug|Any CPU.ActiveCfg = Debug|Any CPU
		{5824BB34-03C5-4E42-B591-2DAECDF17592}.Debug|Any CPU.Build.0 = Debug|Any CPU
		{5824BB34-03C5-4E42-B591-2DAECDF17592}.Release|Any CPU.ActiveCfg = Release|Any CPU
		{5824BB34-03C5-4E42-B591-2DAECDF17592}.Release|Any CPU.Build.0 = Release|Any CPU
		{FAD57AB9-2714-46B9-8B6B-EB3C44BAA7BA}.Debug|Any CPU.ActiveCfg = Debug|Any CPU
		{FAD57AB9-2714-46B9-8B6B-EB3C44BAA7BA}.Debug|Any CPU.Build.0 = Debug|Any CPU
		{FAD57AB9-2714-46B9-8B6B-EB3C44BAA7BA}.Release|Any CPU.ActiveCfg = Release|Any CPU
		{FAD57AB9-2714-46B9-8B6B-EB3C44BAA7BA}.Release|Any CPU.Build.0 = Release|Any CPU
		{E71DFFCC-1B62-4292-938C-98FFEFB3896E}.Debug|Any CPU.ActiveCfg = Debug|Any CPU
		{E71DFFCC-1B62-4292-938C-98FFEFB3896E}.Debug|Any CPU.Build.0 = Debug|Any CPU
		{E71DFFCC-1B62-4292-938C-98FFEFB3896E}.Release|Any CPU.ActiveCfg = Release|Any CPU
		{E71DFFCC-1B62-4292-938C-98FFEFB3896E}.Release|Any CPU.Build.0 = Release|Any CPU
		{4F665AD8-18B7-4405-8005-A524B3A307F6}.Debug|Any CPU.ActiveCfg = Debug|Any CPU
		{4F665AD8-18B7-4405-8005-A524B3A307F6}.Debug|Any CPU.Build.0 = Debug|Any CPU
		{4F665AD8-18B7-4405-8005-A524B3A307F6}.Release|Any CPU.ActiveCfg = Release|Any CPU
		{4F665AD8-18B7-4405-8005-A524B3A307F6}.Release|Any CPU.Build.0 = Release|Any CPU
	EndGlobalSection
	GlobalSection(SolutionProperties) = preSolution
		HideSolutionNode = FALSE
	EndGlobalSection
	GlobalSection(ExtensibilityGlobals) = postSolution
		SolutionGuid = {98725330-78A3-4F90-858F-B58F0EEBBE73}
	EndGlobalSection
EndGlobal
